
Microsoft Visual Studio Solution File, Format Version 12.00
# Visual Studio Version 16
VisualStudioVersion = 16.0.31129.286
MinimumVisualStudioVersion = 10.0.40219.1
Project("{FAE04EC0-301F-11D3-BF4B-00C04F79EFBC}") = "ActivityAndProgress.UWP", "ActivityAndProgress\ActivityAndProgress.UWP\ActivityAndProgress.UWP.csproj", "{40B4265C-C0B5-41E4-85FB-9B19DCD00124}"
EndProject
Project("{FAE04EC0-301F-11D3-BF4B-00C04F79EFBC}") = "ActivityAndProgress.Android", "ActivityAndProgress\ActivityAndProgress.Android\ActivityAndProgress.Android.csproj", "{661F80B0-E8C1-4552-97D9-3FDE3C4810CA}"
EndProject
Project("{FAE04EC0-301F-11D3-BF4B-00C04F79EFBC}") = "ActivityAndProgress.iOS", "ActivityAndProgress\ActivityAndProgress.iOS\ActivityAndProgress.iOS.csproj", "{B6D66E86-64F4-4EEF-8D0C-BF13AB0884F1}"
EndProject
Project("{FAE04EC0-301F-11D3-BF4B-00C04F79EFBC}") = "ActivityAndProgress", "ActivityAndProgress\ActivityAndProgress\ActivityAndProgress.csproj", "{2DE5DDE3-9139-4E04-A846-45EE2CA2986B}"
EndProject
Global
	GlobalSection(SolutionConfigurationPlatforms) = preSolution
		Debug|Any CPU = Debug|Any CPU
		Debug|ARM = Debug|ARM
		Debug|iPhone = Debug|iPhone
		Debug|iPhoneSimulator = Debug|iPhoneSimulator
		Debug|x64 = Debug|x64
		Debug|x86 = Debug|x86
		Release|Any CPU = Release|Any CPU
		Release|ARM = Release|ARM
		Release|iPhone = Release|iPhone
		Release|iPhoneSimulator = Release|iPhoneSimulator
		Release|x64 = Release|x64
		Release|x86 = Release|x86
	EndGlobalSection
	GlobalSection(ProjectConfigurationPlatforms) = postSolution
		{40B4265C-C0B5-41E4-85FB-9B19DCD00124}.Debug|Any CPU.ActiveCfg = Debug|x86
		{40B4265C-C0B5-41E4-85FB-9B19DCD00124}.Debug|Any CPU.Build.0 = Debug|x86
		{40B4265C-C0B5-41E4-85FB-9B19DCD00124}.Debug|Any CPU.Deploy.0 = Debug|x86
		{40B4265C-C0B5-41E4-85FB-9B19DCD00124}.Debug|ARM.ActiveCfg = Debug|ARM
		{40B4265C-C0B5-41E4-85FB-9B19DCD00124}.Debug|ARM.Build.0 = Debug|ARM
		{40B4265C-C0B5-41E4-85FB-9B19DCD00124}.Debug|ARM.Deploy.0 = Debug|ARM
		{40B4265C-C0B5-41E4-85FB-9B19DCD00124}.Debug|iPhone.ActiveCfg = Debug|x86
		{40B4265C-C0B5-41E4-85FB-9B19DCD00124}.Debug|iPhone.Build.0 = Debug|x86
		{40B4265C-C0B5-41E4-85FB-9B19DCD00124}.Debug|iPhone.Deploy.0 = Debug|x86
		{40B4265C-C0B5-41E4-85FB-9B19DCD00124}.Debug|iPhoneSimulator.ActiveCfg = Debug|x86
		{40B4265C-C0B5-41E4-85FB-9B19DCD00124}.Debug|iPhoneSimulator.Build.0 = Debug|x86
		{40B4265C-C0B5-41E4-85FB-9B19DCD00124}.Debug|iPhoneSimulator.Deploy.0 = Debug|x86
		{40B4265C-C0B5-41E4-85FB-9B19DCD00124}.Debug|x64.ActiveCfg = Debug|x64
		{40B4265C-C0B5-41E4-85FB-9B19DCD00124}.Debug|x64.Build.0 = Debug|x64
		{40B4265C-C0B5-41E4-85FB-9B19DCD00124}.Debug|x64.Deploy.0 = Debug|x64
		{40B4265C-C0B5-41E4-85FB-9B19DCD00124}.Debug|x86.ActiveCfg = Debug|x86
		{40B4265C-C0B5-41E4-85FB-9B19DCD00124}.Debug|x86.Build.0 = Debug|x86
		{40B4265C-C0B5-41E4-85FB-9B19DCD00124}.Debug|x86.Deploy.0 = Debug|x86
		{40B4265C-C0B5-41E4-85FB-9B19DCD00124}.Release|Any CPU.ActiveCfg = Release|x86
		{40B4265C-C0B5-41E4-85FB-9B19DCD00124}.Release|Any CPU.Build.0 = Release|x86
		{40B4265C-C0B5-41E4-85FB-9B19DCD00124}.Release|Any CPU.Deploy.0 = Release|x86
		{40B4265C-C0B5-41E4-85FB-9B19DCD00124}.Release|ARM.ActiveCfg = Release|ARM
		{40B4265C-C0B5-41E4-85FB-9B19DCD00124}.Release|ARM.Build.0 = Release|ARM
		{40B4265C-C0B5-41E4-85FB-9B19DCD00124}.Release|ARM.Deploy.0 = Release|ARM
		{40B4265C-C0B5-41E4-85FB-9B19DCD00124}.Release|iPhone.ActiveCfg = Release|x86
		{40B4265C-C0B5-41E4-85FB-9B19DCD00124}.Release|iPhone.Build.0 = Release|x86
		{40B4265C-C0B5-41E4-85FB-9B19DCD00124}.Release|iPhone.Deploy.0 = Release|x86
		{40B4265C-C0B5-41E4-85FB-9B19DCD00124}.Release|iPhoneSimulator.ActiveCfg = Release|x86
		{40B4265C-C0B5-41E4-85FB-9B19DCD00124}.Release|iPhoneSimulator.Build.0 = Release|x86
		{40B4265C-C0B5-41E4-85FB-9B19DCD00124}.Release|iPhoneSimulator.Deploy.0 = Release|x86
		{40B4265C-C0B5-41E4-85FB-9B19DCD00124}.Release|x64.ActiveCfg = Release|x64
		{40B4265C-C0B5-41E4-85FB-9B19DCD00124}.Release|x64.Build.0 = Release|x64
		{40B4265C-C0B5-41E4-85FB-9B19DCD00124}.Release|x64.Deploy.0 = Release|x64
		{40B4265C-C0B5-41E4-85FB-9B19DCD00124}.Release|x86.ActiveCfg = Release|x86
		{40B4265C-C0B5-41E4-85FB-9B19DCD00124}.Release|x86.Build.0 = Release|x86
		{40B4265C-C0B5-41E4-85FB-9B19DCD00124}.Release|x86.Deploy.0 = Release|x86
		{661F80B0-E8C1-4552-97D9-3FDE3C4810CA}.Debug|Any CPU.ActiveCfg = Debug|Any CPU
		{661F80B0-E8C1-4552-97D9-3FDE3C4810CA}.Debug|Any CPU.Build.0 = Debug|Any CPU
		{661F80B0-E8C1-4552-97D9-3FDE3C4810CA}.Debug|Any CPU.Deploy.0 = Debug|Any CPU
		{661F80B0-E8C1-4552-97D9-3FDE3C4810CA}.Debug|ARM.ActiveCfg = Debug|Any CPU
		{661F80B0-E8C1-4552-97D9-3FDE3C4810CA}.Debug|ARM.Build.0 = Debug|Any CPU
		{661F80B0-E8C1-4552-97D9-3FDE3C4810CA}.Debug|ARM.Deploy.0 = Debug|Any CPU
		{661F80B0-E8C1-4552-97D9-3FDE3C4810CA}.Debug|iPhone.ActiveCfg = Debug|Any CPU
		{661F80B0-E8C1-4552-97D9-3FDE3C4810CA}.Debug|iPhone.Build.0 = Debug|Any CPU
		{661F80B0-E8C1-4552-97D9-3FDE3C4810CA}.Debug|iPhone.Deploy.0 = Debug|Any CPU
		{661F80B0-E8C1-4552-97D9-3FDE3C4810CA}.Debug|iPhoneSimulator.ActiveCfg = Debug|Any CPU
		{661F80B0-E8C1-4552-97D9-3FDE3C4810CA}.Debug|iPhoneSimulator.Build.0 = Debug|Any CPU
		{661F80B0-E8C1-4552-97D9-3FDE3C4810CA}.Debug|iPhoneSimulator.Deploy.0 = Debug|Any CPU
		{661F80B0-E8C1-4552-97D9-3FDE3C4810CA}.Debug|x64.ActiveCfg = Debug|Any CPU
		{661F80B0-E8C1-4552-97D9-3FDE3C4810CA}.Debug|x64.Build.0 = Debug|Any CPU
		{661F80B0-E8C1-4552-97D9-3FDE3C4810CA}.Debug|x64.Deploy.0 = Debug|Any CPU
		{661F80B0-E8C1-4552-97D9-3FDE3C4810CA}.Debug|x86.ActiveCfg = Debug|Any CPU
		{661F80B0-E8C1-4552-97D9-3FDE3C4810CA}.Debug|x86.Build.0 = Debug|Any CPU
		{661F80B0-E8C1-4552-97D9-3FDE3C4810CA}.Debug|x86.Deploy.0 = Debug|Any CPU
		{661F80B0-E8C1-4552-97D9-3FDE3C4810CA}.Release|Any CPU.ActiveCfg = Release|Any CPU
		{661F80B0-E8C1-4552-97D9-3FDE3C4810CA}.Release|Any CPU.Build.0 = Release|Any CPU
		{661F80B0-E8C1-4552-97D9-3FDE3C4810CA}.Release|Any CPU.Deploy.0 = Release|Any CPU
		{661F80B0-E8C1-4552-97D9-3FDE3C4810CA}.Release|ARM.ActiveCfg = Release|Any CPU
		{661F80B0-E8C1-4552-97D9-3FDE3C4810CA}.Release|ARM.Build.0 = Release|Any CPU
		{661F80B0-E8C1-4552-97D9-3FDE3C4810CA}.Release|ARM.Deploy.0 = Release|Any CPU
		{661F80B0-E8C1-4552-97D9-3FDE3C4810CA}.Release|iPhone.ActiveCfg = Release|Any CPU
		{661F80B0-E8C1-4552-97D9-3FDE3C4810CA}.Release|iPhone.Build.0 = Release|Any CPU
		{661F80B0-E8C1-4552-97D9-3FDE3C4810CA}.Release|iPhone.Deploy.0 = Release|Any CPU
		{661F80B0-E8C1-4552-97D9-3FDE3C4810CA}.Release|iPhoneSimulator.ActiveCfg = Release|Any CPU
		{661F80B0-E8C1-4552-97D9-3FDE3C4810CA}.Release|iPhoneSimulator.Build.0 = Release|Any CPU
		{661F80B0-E8C1-4552-97D9-3FDE3C4810CA}.Release|iPhoneSimulator.Deploy.0 = Release|Any CPU
		{661F80B0-E8C1-4552-97D9-3FDE3C4810CA}.Release|x64.ActiveCfg = Release|Any CPU
		{661F80B0-E8C1-4552-97D9-3FDE3C4810CA}.Release|x64.Build.0 = Release|Any CPU
		{661F80B0-E8C1-4552-97D9-3FDE3C4810CA}.Release|x64.Deploy.0 = Release|Any CPU
		{661F80B0-E8C1-4552-97D9-3FDE3C4810CA}.Release|x86.ActiveCfg = Release|Any CPU
		{661F80B0-E8C1-4552-97D9-3FDE3C4810CA}.Release|x86.Build.0 = Release|Any CPU
		{661F80B0-E8C1-4552-97D9-3FDE3C4810CA}.Release|x86.Deploy.0 = Release|Any CPU
		{B6D66E86-64F4-4EEF-8D0C-BF13AB0884F1}.Debug|Any CPU.ActiveCfg = Debug|iPhoneSimulator
		{B6D66E86-64F4-4EEF-8D0C-BF13AB0884F1}.Debug|Any CPU.Build.0 = Debug|iPhoneSimulator
		{B6D66E86-64F4-4EEF-8D0C-BF13AB0884F1}.Debug|Any CPU.Deploy.0 = Debug|iPhoneSimulator
		{B6D66E86-64F4-4EEF-8D0C-BF13AB0884F1}.Debug|ARM.ActiveCfg = Debug|iPhone
		{B6D66E86-64F4-4EEF-8D0C-BF13AB0884F1}.Debug|ARM.Build.0 = Debug|iPhone
		{B6D66E86-64F4-4EEF-8D0C-BF13AB0884F1}.Debug|ARM.Deploy.0 = Debug|iPhone
		{B6D66E86-64F4-4EEF-8D0C-BF13AB0884F1}.Debug|iPhone.ActiveCfg = Debug|iPhone
		{B6D66E86-64F4-4EEF-8D0C-BF13AB0884F1}.Debug|iPhone.Build.0 = Debug|iPhone
		{B6D66E86-64F4-4EEF-8D0C-BF13AB0884F1}.Debug|iPhone.Deploy.0 = Debug|iPhone
		{B6D66E86-64F4-4EEF-8D0C-BF13AB0884F1}.Debug|iPhoneSimulator.ActiveCfg = Debug|iPhoneSimulator
		{B6D66E86-64F4-4EEF-8D0C-BF13AB0884F1}.Debug|iPhoneSimulator.Build.0 = Debug|iPhoneSimulator
		{B6D66E86-64F4-4EEF-8D0C-BF13AB0884F1}.Debug|iPhoneSimulator.Deploy.0 = Debug|iPhoneSimulator
		{B6D66E86-64F4-4EEF-8D0C-BF13AB0884F1}.Debug|x64.ActiveCfg = Debug|iPhoneSimulator
		{B6D66E86-64F4-4EEF-8D0C-BF13AB0884F1}.Debug|x64.Build.0 = Debug|iPhoneSimulator
		{B6D66E86-64F4-4EEF-8D0C-BF13AB0884F1}.Debug|x64.Deploy.0 = Debug|iPhoneSimulator
		{B6D66E86-64F4-4EEF-8D0C-BF13AB0884F1}.Debug|x86.ActiveCfg = Debug|iPhoneSimulator
		{B6D66E86-64F4-4EEF-8D0C-BF13AB0884F1}.Debug|x86.Build.0 = Debug|iPhoneSimulator
		{B6D66E86-64F4-4EEF-8D0C-BF13AB0884F1}.Debug|x86.Deploy.0 = Debug|iPhoneSimulator
		{B6D66E86-64F4-4EEF-8D0C-BF13AB0884F1}.Release|Any CPU.ActiveCfg = Release|iPhoneSimulator
		{B6D66E86-64F4-4EEF-8D0C-BF13AB0884F1}.Release|Any CPU.Build.0 = Release|iPhoneSimulator
		{B6D66E86-64F4-4EEF-8D0C-BF13AB0884F1}.Release|Any CPU.Deploy.0 = Release|iPhoneSimulator
		{B6D66E86-64F4-4EEF-8D0C-BF13AB0884F1}.Release|ARM.ActiveCfg = Release|iPhoneSimulator
		{B6D66E86-64F4-4EEF-8D0C-BF13AB0884F1}.Release|ARM.Build.0 = Release|iPhoneSimulator
		{B6D66E86-64F4-4EEF-8D0C-BF13AB0884F1}.Release|ARM.Deploy.0 = Release|iPhoneSimulator
		{B6D66E86-64F4-4EEF-8D0C-BF13AB0884F1}.Release|iPhone.ActiveCfg = Release|iPhone
		{B6D66E86-64F4-4EEF-8D0C-BF13AB0884F1}.Release|iPhone.Build.0 = Release|iPhone
		{B6D66E86-64F4-4EEF-8D0C-BF13AB0884F1}.Release|iPhone.Deploy.0 = Release|iPhone
		{B6D66E86-64F4-4EEF-8D0C-BF13AB0884F1}.Release|iPhoneSimulator.ActiveCfg = Release|iPhoneSimulator
		{B6D66E86-64F4-4EEF-8D0C-BF13AB0884F1}.Release|iPhoneSimulator.Build.0 = Release|iPhoneSimulator
		{B6D66E86-64F4-4EEF-8D0C-BF13AB0884F1}.Release|iPhoneSimulator.Deploy.0 = Release|iPhoneSimulator
		{B6D66E86-64F4-4EEF-8D0C-BF13AB0884F1}.Release|x64.ActiveCfg = Release|iPhoneSimulator
		{B6D66E86-64F4-4EEF-8D0C-BF13AB0884F1}.Release|x64.Build.0 = Release|iPhoneSimulator
		{B6D66E86-64F4-4EEF-8D0C-BF13AB0884F1}.Release|x64.Deploy.0 = Release|iPhoneSimulator
		{B6D66E86-64F4-4EEF-8D0C-BF13AB0884F1}.Release|x86.ActiveCfg = Release|iPhoneSimulator
		{B6D66E86-64F4-4EEF-8D0C-BF13AB0884F1}.Release|x86.Build.0 = Release|iPhoneSimulator
		{B6D66E86-64F4-4EEF-8D0C-BF13AB0884F1}.Release|x86.Deploy.0 = Release|iPhoneSimulator
		{2DE5DDE3-9139-4E04-A846-45EE2CA2986B}.Debug|Any CPU.ActiveCfg = Debug|Any CPU
		{2DE5DDE3-9139-4E04-A846-45EE2CA2986B}.Debug|Any CPU.Build.0 = Debug|Any CPU
		{2DE5DDE3-9139-4E04-A846-45EE2CA2986B}.Debug|Any CPU.Deploy.0 = Debug|Any CPU
		{2DE5DDE3-9139-4E04-A846-45EE2CA2986B}.Debug|ARM.ActiveCfg = Debug|Any CPU
		{2DE5DDE3-9139-4E04-A846-45EE2CA2986B}.Debug|ARM.Build.0 = Debug|Any CPU
		{2DE5DDE3-9139-4E04-A846-45EE2CA2986B}.Debug|ARM.Deploy.0 = Debug|Any CPU
		{2DE5DDE3-9139-4E04-A846-45EE2CA2986B}.Debug|iPhone.ActiveCfg = Debug|Any CPU
		{2DE5DDE3-9139-4E04-A846-45EE2CA2986B}.Debug|iPhone.Build.0 = Debug|Any CPU
		{2DE5DDE3-9139-4E04-A846-45EE2CA2986B}.Debug|iPhone.Deploy.0 = Debug|Any CPU
		{2DE5DDE3-9139-4E04-A846-45EE2CA2986B}.Debug|iPhoneSimulator.ActiveCfg = Debug|Any CPU
		{2DE5DDE3-9139-4E04-A846-45EE2CA2986B}.Debug|iPhoneSimulator.Build.0 = Debug|Any CPU
		{2DE5DDE3-9139-4E04-A846-45EE2CA2986B}.Debug|iPhoneSimulator.Deploy.0 = Debug|Any CPU
		{2DE5DDE3-9139-4E04-A846-45EE2CA2986B}.Debug|x64.ActiveCfg = Debug|Any CPU
		{2DE5DDE3-9139-4E04-A846-45EE2CA2986B}.Debug|x64.Build.0 = Debug|Any CPU
		{2DE5DDE3-9139-4E04-A846-45EE2CA2986B}.Debug|x64.Deploy.0 = Debug|Any CPU
		{2DE5DDE3-9139-4E04-A846-45EE2CA2986B}.Debug|x86.ActiveCfg = Debug|Any CPU
		{2DE5DDE3-9139-4E04-A846-45EE2CA2986B}.Debug|x86.Build.0 = Debug|Any CPU
		{2DE5DDE3-9139-4E04-A846-45EE2CA2986B}.Debug|x86.Deploy.0 = Debug|Any CPU
		{2DE5DDE3-9139-4E04-A846-45EE2CA2986B}.Release|Any CPU.ActiveCfg = Release|Any CPU
		{2DE5DDE3-9139-4E04-A846-45EE2CA2986B}.Release|Any CPU.Build.0 = Release|Any CPU
		{2DE5DDE3-9139-4E04-A846-45EE2CA2986B}.Release|Any CPU.Deploy.0 = Release|Any CPU
		{2DE5DDE3-9139-4E04-A846-45EE2CA2986B}.Release|ARM.ActiveCfg = Release|Any CPU
		{2DE5DDE3-9139-4E04-A846-45EE2CA2986B}.Release|ARM.Build.0 = Release|Any CPU
		{2DE5DDE3-9139-4E04-A846-45EE2CA2986B}.Release|ARM.Deploy.0 = Release|Any CPU
		{2DE5DDE3-9139-4E04-A846-45EE2CA2986B}.Release|iPhone.ActiveCfg = Release|Any CPU
		{2DE5DDE3-9139-4E04-A846-45EE2CA2986B}.Release|iPhone.Build.0 = Release|Any CPU
		{2DE5DDE3-9139-4E04-A846-45EE2CA2986B}.Release|iPhone.Deploy.0 = Release|Any CPU
		{2DE5DDE3-9139-4E04-A846-45EE2CA2986B}.Release|iPhoneSimulator.ActiveCfg = Release|Any CPU
		{2DE5DDE3-9139-4E04-A846-45EE2CA2986B}.Release|iPhoneSimulator.Build.0 = Release|Any CPU
		{2DE5DDE3-9139-4E04-A846-45EE2CA2986B}.Release|iPhoneSimulator.Deploy.0 = Release|Any CPU
		{2DE5DDE3-9139-4E04-A846-45EE2CA2986B}.Release|x64.ActiveCfg = Release|Any CPU
		{2DE5DDE3-9139-4E04-A846-45EE2CA2986B}.Release|x64.Build.0 = Release|Any CPU
		{2DE5DDE3-9139-4E04-A846-45EE2CA2986B}.Release|x64.Deploy.0 = Release|Any CPU
		{2DE5DDE3-9139-4E04-A846-45EE2CA2986B}.Release|x86.ActiveCfg = Release|Any CPU
		{2DE5DDE3-9139-4E04-A846-45EE2CA2986B}.Release|x86.Build.0 = Release|Any CPU
		{2DE5DDE3-9139-4E04-A846-45EE2CA2986B}.Release|x86.Deploy.0 = Release|Any CPU
	EndGlobalSection
	GlobalSection(SolutionProperties) = preSolution
		HideSolutionNode = FALSE
	EndGlobalSection
	GlobalSection(ExtensibilityGlobals) = postSolution
		SolutionGuid = {F1B6DA43-8585-43B5-9E9F-A018666B8BE4}
	EndGlobalSection
EndGlobal
